{
  "name": "todo_list",
  "version": "1.0.0",
  "lockfileVersion": 1,
  "requires": true,
  "dependencies": {
    "angular": {
      "version": "1.6.6",
      "resolved": "https://registry.npmjs.org/angular/-/angular-1.6.6.tgz",
      "integrity": "sha1-/Vo8+0N844LYVO4BEgeXl4Uny2Q="
    },
    "angular-cookies": {
      "version": "1.6.6",
      "resolved": "https://registry.npmjs.org/angular-cookies/-/angular-cookies-1.6.6.tgz",
      "integrity": "sha1-MRZC2v28T/fNaSILiSW4g1n7oUg="
    },
    "angular-jwt": {
      "version": "0.1.9",
      "resolved": "https://registry.npmjs.org/angular-jwt/-/angular-jwt-0.1.9.tgz",
      "integrity": "sha1-24vPGPBapXMgrC/aFh1+liLAmcM="
    },
    "angular-resource": {
      "version": "1.6.6",
      "resolved": "https://registry.npmjs.org/angular-resource/-/angular-resource-1.6.6.tgz",
      "integrity": "sha1-QwZg6WnD589AxeJH5eaQ8G1u/GE="
    },
    "angular-route": {
      "version": "1.6.6",
      "resolved": "https://registry.npmjs.org/angular-route/-/angular-route-1.6.6.tgz",
      "integrity": "sha1-jBF0iqGVxxexthWn50ZEK/x8YfQ="
    },
    "angular-ui-bootstrap": {
      "version": "2.5.6",
      "resolved": "https://registry.npmjs.org/angular-ui-bootstrap/-/angular-ui-bootstrap-2.5.6.tgz",
      "integrity": "sha512-yzcHpPMLQl0232nDzm5P4iAFTFQ9dMw0QgFLuKYbDj9M0xJ62z0oudYD/Lvh1pWfRsukiytP4Xj6BHOSrSXP8A=="
    },
    "angular-xeditable": {
      "version": "0.8.0",
      "resolved": "https://registry.npmjs.org/angular-xeditable/-/angular-xeditable-0.8.0.tgz",
      "integrity": "sha1-Dmhqj0SGYIWIou6Zl2Cfd63eRjo=",
      "requires": {
        "angular": "~1.x"
      }
    }
  }
}
